
Microsoft Visual Studio Solution File, Format Version 11.00
# Visual Studio 2010
Project("{FAE04EC0-301F-11D3-BF4B-00C04F79EFBC}") = "WinFormChartControl", "WinFormChartControl\WinFormChartDll.csproj", "{88846ACD-0674-4D4F-B7AC-0DDA640F0B54}"
EndProject
Project("{FAE04EC0-301F-11D3-BF4B-00C04F79EFBC}") = "WinChartForm", "WinChartForm\WinChartForm.csproj", "{9CA93FC3-6983-40C8-A711-92A5AE7C54E9}"
EndProject
Global
	GlobalSection(SolutionConfigurationPlatforms) = preSolution
		Debug|Any CPU = Debug|Any CPU
		Debug|Mixed Platforms = Debug|Mixed Platforms
		Debug|x86 = Debug|x86
		Release|Any CPU = Release|Any CPU
		Release|Mixed Platforms = Release|Mixed Platforms
		Release|x86 = Release|x86
	EndGlobalSection
	GlobalSection(ProjectConfigurationPlatforms) = postSolution
		{88846ACD-0674-4D4F-B7AC-0DDA640F0B54}.Debug|Any CPU.ActiveCfg = Debug|Any CPU
		{88846ACD-0674-4D4F-B7AC-0DDA640F0B54}.Debug|Any CPU.Build.0 = Debug|Any CPU
		{88846ACD-0674-4D4F-B7AC-0DDA640F0B54}.Debug|Mixed Platforms.ActiveCfg = Debug|Any CPU
		{88846ACD-0674-4D4F-B7AC-0DDA640F0B54}.Debug|Mixed Platforms.Build.0 = Debug|Any CPU
		{88846ACD-0674-4D4F-B7AC-0DDA640F0B54}.Debug|x86.ActiveCfg = Debug|Any CPU
		{88846ACD-0674-4D4F-B7AC-0DDA640F0B54}.Release|Any CPU.ActiveCfg = Release|Any CPU
		{88846ACD-0674-4D4F-B7AC-0DDA640F0B54}.Release|Any CPU.Build.0 = Release|Any CPU
		{88846ACD-0674-4D4F-B7AC-0DDA640F0B54}.Release|Mixed Platforms.ActiveCfg = Release|Any CPU
		{88846ACD-0674-4D4F-B7AC-0DDA640F0B54}.Release|Mixed Platforms.Build.0 = Release|Any CPU
		{88846ACD-0674-4D4F-B7AC-0DDA640F0B54}.Release|x86.ActiveCfg = Release|Any CPU
		{9CA93FC3-6983-40C8-A711-92A5AE7C54E9}.Debug|Any CPU.ActiveCfg = Debug|x86
		{9CA93FC3-6983-40C8-A711-92A5AE7C54E9}.Debug|Mixed Platforms.ActiveCfg = Debug|x86
		{9CA93FC3-6983-40C8-A711-92A5AE7C54E9}.Debug|Mixed Platforms.Build.0 = Debug|x86
		{9CA93FC3-6983-40C8-A711-92A5AE7C54E9}.Debug|x86.ActiveCfg = Debug|x86
		{9CA93FC3-6983-40C8-A711-92A5AE7C54E9}.Debug|x86.Build.0 = Debug|x86
		{9CA93FC3-6983-40C8-A711-92A5AE7C54E9}.Release|Any CPU.ActiveCfg = Release|x86
		{9CA93FC3-6983-40C8-A711-92A5AE7C54E9}.Release|Mixed Platforms.ActiveCfg = Release|x86
		{9CA93FC3-6983-40C8-A711-92A5AE7C54E9}.Release|Mixed Platforms.Build.0 = Release|x86
		{9CA93FC3-6983-40C8-A711-92A5AE7C54E9}.Release|x86.ActiveCfg = Release|x86
		{9CA93FC3-6983-40C8-A711-92A5AE7C54E9}.Release|x86.Build.0 = Release|x86
	EndGlobalSection
	GlobalSection(SolutionProperties) = preSolution
		HideSolutionNode = FALSE
	EndGlobalSection
EndGlobal
